{
  "name": "homestate_lc",
  "version": "0.1.0",
  "lockfileVersion": 1,
  "requires": true,
  "dependencies": {
    "react-app-rewired": {
      "version": "2.1.8",
      "resolved": "https://registry.npmjs.org/react-app-rewired/-/react-app-rewired-2.1.8.tgz",
      "integrity": "sha512-wjXPdKPLscA7mn0I1de1NHrbfWdXz4S1ladaGgHVKdn1hTgKK5N6EdGIJM0KrS6bKnJBj7WuqJroDTsPKKr66Q==",
      "requires": {
        "semver": "^5.6.0"
      }
    },
    "semver": {
      "version": "5.7.1",
      "resolved": "https://registry.npmjs.org/semver/-/semver-5.7.1.tgz",
      "integrity": "sha512-sauaDf/PZdVgrLTNYHRtpXa1iRiKcaebiKQ1BJdpQlWH2lCvexQdX55snPFyK7QzpudqbCI0qXFfOasHdyNDGQ=="
    }
  }
}
